github.com/PuerkitoBio/goquery v1.5.1 h1:PSPBGne8NIUWw+/7vFBV+kG2J/5MOjbzc7154OaKCSE=
github.com/PuerkitoBio/goquery v1.5.1/go.mod h1:GsLWisAFVj4WgDibEWF4pvYnkVQBpKBKeU+7zCJoLcc=
github.com/ajstarks/svgo v0.0.0-20180226025133-644b8db467af h1:wVe6/Ea46ZMeNkQjjBW6xcqyQA/j5e0D6GytH95g0gQ=
github.com/ajstarks/svgo v0.0.0-20180226025133-644b8db467af/go.mod h1:K08gAheRH3/J6wwsYMMT4xOr94bZjxIelGM0+d/wbFw=
github.com/andybalholm/cascadia v1.1.0 h1:BuuO6sSfQNFRu1LppgbD25Hr2vLYW25JvxHs5zzsLTo=
github.com/andybalholm/cascadia v1.1.0/go.mod h1:GsXiBklL0woXo1j/WYWtSYYC4ouU9PqHO0sqidkEA4Y=
github.com/fogleman/gg v1.3.0 h1:/7zJX8F6AaYQc57WQCyN9cAIz+4bCJGO9B+dyW29am8=
github.com/fogleman/gg v1.3.0/go.mod h1:R/bRT+9gY/C5z7JzPU0zXsXHKM4/ayA+zqcVNZzPa1k=
github.com/go-gomail/gomail v0.0.0-20160411212932-81ebce5c23df h1:Bao6dhmbTA1KFVxmJ6nBoMuOJit2yjEgLJpIMYpop0E=
github.com/go-gomail/gomail v0.0.0-20160411212932-81ebce5c23df/go.mod h1:GJr+FCSXshIwgHBtLglIg9M2l2kQSi6QjVAngtzI08Y=
github.com/golang/freetype v0.0.0-20170609003504-e2365dfdc4a0 h1:DACJavvAHhabrF08vX0COfcOBJRhZ8lUbR+ZWIs0Y5g=
github.com/golang/freetype v0.0.0-20170609003504-e2365dfdc4a0/go.mod h1:E/TSTwGwJL78qG/PmXZO1EjYhfJinVAhrmmHX6Z8B9k=
github.com/gorilla/css v1.0.0 h1:BQqNyPTi50JCFMTw/b67hByjMVXZRwGha6wxVGkeihY=
github.com/gorilla/css v1.0.0/go.mod h1:Dn721qIggHpt4+EFCcTLTU/vk5ySda2ReITrtgBl60c=
github.com/jung-kurt/gofpdf v1.0.3-0.20190309125859-24315acbbda5 h1:PJr+ZMXIecYc1Ey2zucXdR73SMBtgjPgwa31099IMv0=
github.com/jung-kurt/gofpdf v1.0.3-0.20190309125859-24315acbbda5/go.mod h1:7Id9E/uU8ce6rXgefFLlgrJj/GYY22cpxn+r32jIOes=
github.com/mattn/go-sqlite3 v2.0.3+incompatible h1:gXHsfypPkaMZrKbD5209QV9jbUTJKjyR5WD3HYQSd+U=
github.com/mattn/go-sqlite3 v2.0.3+incompatible/go.mod h1:FPy6KqzDD04eiIsT53CuJW3U88zkxoIYsOqkbpncsNc=
github.com/vanng822/css v0.0.0-20190504095207-a21e860bcd04 h1:L0rPdfzq43+NV8rfIx2kA4iSSLRj2jN5ijYHoeXRwvQ=
github.com/vanng822/css v0.0.0-20190504095207-a21e860bcd04/go.mod h1:tcnB1voG49QhCrwq1W0w5hhGasvOg+VQp9i9H1rCM1w=
github.com/vanng822/go-premailer v0.0.0-20191214114701-be27abe028fe h1:9YnI5plmy+ad6BM+JCLJb2ZV7/TNiE5l7SNKfumYKgc=
github.com/vanng822/go-premailer v0.0.0-20191214114701-be27abe028fe/go.mod h1:JTFJA/t820uFDoyPpErFQ3rb3amdZoPtxcKervG0OE4=
golang.org/x/crypto v0.0.0-20190308221718-c2843e01d9a2/go.mod h1:djNgcEr1/C05ACkg1iLfiJU5Ep61QUkGW8qpdssI0+w=
golang.org/x/exp v0.0.0-20180321215751-8460e604b9de/go.mod h1:CJ0aWSM057203Lf6IL+f9T1iT9GByDxfZKAQTCR3kQA=
golang.org/x/exp v0.0.0-20180807140117-3d87b88a115f/go.mod h1:CJ0aWSM057203Lf6IL+f9T1iT9GByDxfZKAQTCR3kQA=
golang.org/x/image v0.0.0-20180708004352-c73c2afc3b81 h1:00VmoueYNlNz/aHIilyyQz/MHSqGoWJzpFv/HW8xpzI=
golang.org/x/image v0.0.0-20180708004352-c73c2afc3b81/go.mod h1:ux5Hcp/YLpHSI86hEcLt0YII63i6oz57MZXIpbrjZUs=
golang.org/x/net v0.0.0-20180218175443-cbe0f9307d01/go.mod h1:mL1N/T3taQHkDXs73rZJwtUhF3w3ftmwwsq0BUmARs4=
golang.org/x/net v0.0.0-20200202094626-16171245cfb2/go.mod h1:z5CRVTTTmAJ677TzLLGU+0bjPO0LkuOLi4/5GtJWs/s=
golang.org/x/net v0.0.0-20200324143707-d3edc9973b7e h1:3G+cUijn7XD+S4eJFddp53Pv7+slrESplyjG25HgL+k=
golang.org/x/net v0.0.0-20200324143707-d3edc9973b7e/go.mod h1:qpuaurCH72eLCgpAm/N6yyVIVM9cpaDIP3A8BGJEC5A=
golang.org/x/sys v0.0.0-20190215142949-d0b11bdaac8a/go.mod h1:STP8DvDyc/dI5b8T5hshtkjS+E42TnysNCUPdjciGhY=
golang.org/x/sys v0.0.0-20200323222414-85ca7c5b95cd/go.mod h1:h1NjWce9XRLGQEsW7wpKNCjG9DtNlClVuFLEZdDNbEs=
golang.org/x/text v0.3.0/go.mod h1:NqM8EUOU14njkJ3fqMW+pc6Ldnwhi/IjpwHt7yyuwOQ=
golang.org/x/tools v0.0.0-20180525024113-a5b4c53f6e8b/go.mod h1:n7NCudcB/nEzxVGmLbDWY5pfWTLqBcC2KZ6jyYvM4mQ=
gonum.org/v1/gonum v0.0.0-20180816165407-929014505bf4/go.mod h1:Y+Yx5eoAFn32cQvJDxZx5Dpnq+c3wtXuadVZAcxbbBo=
gonum.org/v1/plot v0.7.0 h1:Otpxyvra6Ie07ft50OX5BrCfS/BWEMvhsCUHwPEJmLI=
gonum.org/v1/plot v0.7.0/go.mod h1:2wtU6YrrdQAhAF9+MTd5tOQjrov/zF70b1i99Npjvgo=
rsc.io/pdf v0.1.1/go.mod h1:n8OzWcQ6Sp37PL01nO98y4iUCRdTGarVfzxY20ICaU4=
